
Microsoft Visual Studio Solution File, Format Version 12.00
# Visual Studio Version 16
VisualStudioVersion = 16.0.33027.164
MinimumVisualStudioVersion = 10.0.40219.1
Project("{FAE04EC0-301F-11D3-BF4B-00C04F79EFBC}") = "VS HTML Assignment", "VS HTML Assignment\VS HTML Assignment.csproj", "{0F4CF905-549A-48BA-B184-7BEB233AB83A}"
EndProject
Global
	GlobalSection(SolutionConfigurationPlatforms) = preSolution
		Debug|Any CPU = Debug|Any CPU
		Release|Any CPU = Release|Any CPU
	EndGlobalSection
	GlobalSection(ProjectConfigurationPlatforms) = postSolution
		{0F4CF905-549A-48BA-B184-7BEB233AB83A}.Debug|Any CPU.ActiveCfg = Debug|Any CPU
		{0F4CF905-549A-48BA-B184-7BEB233AB83A}.Debug|Any CPU.Build.0 = Debug|Any CPU
		{0F4CF905-549A-48BA-B184-7BEB233AB83A}.Release|Any CPU.ActiveCfg = Release|Any CPU
		{0F4CF905-549A-48BA-B184-7BEB233AB83A}.Release|Any CPU.Build.0 = Release|Any CPU
	EndGlobalSection
	GlobalSection(SolutionProperties) = preSolution
		HideSolutionNode = FALSE
	EndGlobalSection
	GlobalSection(ExtensibilityGlobals) = postSolution
		SolutionGuid = {AAD9CBE4-8806-4604-ABCD-8E762E264936}
	EndGlobalSection
EndGlobal
